uuid: 5ca69cf4-00e0-4aec-839d-10e4ac0089c6
langcode: en
status: false
dependencies: {  }
_core:
  default_config_hash: 7wryr3a94ik38uTQpBiCyVk4WMUcMiMbMMdXs-CIlpA
active_version: fbd9367ece78bba5
versioned_properties:
  active:
    settings:
      default_settings:
        id: local_tasks_block
        label: Tabs
        label_display: '0'
        provider: core
        primary: true
        secondary: true
    fallback_metadata:
      slot_definitions: null
  429966cebad152ba:
    settings:
      default_settings:
        id: local_tasks_block
        label: Tabs
        label_display: '0'
        provider: core
        primary: true
        secondary: true
    fallback_metadata:
      slot_definitions: null
label: Tabs
id: block.local_tasks_block
provider: core
source: block
source_local_id: local_tasks_block
